// !$*UTF8*$!
{
	archiveVersion = 1;
	classes = {
	};
	objectVersion = 48;
	objects = {

/* Begin PBXBuildFile section */
		9B1B84B82059B2AC000281C5 /* ImageLoader.swift in Sources */ = {isa = PBXBuildFile; fileRef = 9B1B84B72059B2AC000281C5 /* ImageLoader.swift */; };
		9B1B84BA2059B2B1000281C5 /* RoundedView.swift in Sources */ = {isa = PBXBuildFile; fileRef = 9B1B84B92059B2B1000281C5 /* RoundedView.swift */; };
		9B1B84BC2059B880000281C5 /* ProductDetailViewController.swift in Sources */ = {isa = PBXBuildFile; fileRef = 9B1B84BB2059B880000281C5 /* ProductDetailViewController.swift */; };
		9B2E4C9520599D9A0091971C /* DataManager.swift in Sources */ = {isa = PBXBuildFile; fileRef = 9B2E4C9420599D9A0091971C /* DataManager.swift */; };
		9B2E4C9C2059A93C0091971C /* ProductCollectionCell.swift in Sources */ = {isa = PBXBuildFile; fileRef = 9B2E4C9B2059A93C0091971C /* ProductCollectionCell.swift */; };
		9B463E86205FC6880032DBA8 /* ProductModel.swift in Sources */ = {isa = PBXBuildFile; fileRef = 9B463E85205FC6880032DBA8 /* ProductModel.swift */; };
		9BBC581F20598B13008B81F7 /* AppDelegate.swift in Sources */ = {isa = PBXBuildFile; fileRef = 9BBC581E20598B13008B81F7 /* AppDelegate.swift */; };
		9BBC582120598B13008B81F7 /* ProductListViewController.swift in Sources */ = {isa = PBXBuildFile; fileRef = 9BBC582020598B13008B81F7 /* ProductListViewController.swift */; };
		9BBC582420598B13008B81F7 /* Main.storyboard in Resources */ = {isa = PBXBuildFile; fileRef = 9BBC582220598B13008B81F7 /* Main.storyboard */; };
		9BBC582720598B13008B81F7 /* lezasolutionsApp.xcdatamodeld in Sources */ = {isa = PBXBuildFile; fileRef = 9BBC582520598B13008B81F7 /* lezasolutionsApp.xcdatamodeld */; };
		9BBC582920598B13008B81F7 /* Assets.xcassets in Resources */ = {isa = PBXBuildFile; fileRef = 9BBC582820598B13008B81F7 /* Assets.xcassets */; };
		9BBC582C20598B13008B81F7 /* LaunchScreen.storyboard in Resources */ = {isa = PBXBuildFile; fileRef = 9BBC582A20598B13008B81F7 /* LaunchScreen.storyboard */; };
/* End PBXBuildFile section */

/* Begin PBXFileReference section */
		9B1B84B72059B2AC000281C5 /* ImageLoader.swift */ = {isa = PBXFileReference; fileEncoding = 4; lastKnownFileType = sourcecode.swift; path = ImageLoader.swift; sourceTree = "<group>"; };
		9B1B84B92059B2B1000281C5 /* RoundedView.swift */ = {isa = PBXFileReference; lastKnownFileType = sourcecode.swift; path = RoundedView.swift; sourceTree = "<group>"; };
		9B1B84BB2059B880000281C5 /* ProductDetailViewController.swift */ = {isa = PBXFileReference; lastKnownFileType = sourcecode.swift; path = ProductDetailViewController.swift; sourceTree = "<group>"; };
		9B2E4C9420599D9A0091971C /* DataManager.swift */ = {isa = PBXFileReference; fileEncoding = 4; lastKnownFileType = sourcecode.swift; path = DataManager.swift; sourceTree = "<group>"; };
		9B2E4C9B2059A93C0091971C /* ProductCollectionCell.swift */ = {isa = PBXFileReference; lastKnownFileType = sourcecode.swift; path = ProductCollectionCell.swift; sourceTree = "<group>"; };
		9B463E85205FC6880032DBA8 /* ProductModel.swift */ = {isa = PBXFileReference; fileEncoding = 4; lastKnownFileType = sourcecode.swift; path = ProductModel.swift; sourceTree = "<group>"; };
		9BBC581B20598B13008B81F7 /* lezasolutionsApp.app */ = {isa = PBXFileReference; explicitFileType = wrapper.application; includeInIndex = 0; path = lezasolutionsApp.app; sourceTree = BUILT_PRODUCTS_DIR; };
		9BBC581E20598B13008B81F7 /* AppDelegate.swift */ = {isa = PBXFileReference; lastKnownFileType = sourcecode.swift; path = AppDelegate.swift; sourceTree = "<group>"; };
		9BBC582020598B13008B81F7 /* ProductListViewController.swift */ = {isa = PBXFileReference; lastKnownFileType = sourcecode.swift; path = ProductListViewController.swift; sourceTree = "<group>"; };
		9BBC582320598B13008B81F7 /* Base */ = {isa = PBXFileReference; lastKnownFileType = file.storyboard; name = Base; path = Base.lproj/Main.storyboard; sourceTree = "<group>"; };
		9BBC582620598B13008B81F7 /* lezasolutionsApp.xcdatamodel */ = {isa = PBXFileReference; lastKnownFileType = wrapper.xcdatamodel; path = lezasolutionsApp.xcdatamodel; sourceTree = "<group>"; };
		9BBC582820598B13008B81F7 /* Assets.xcassets */ = {isa = PBXFileReference; lastKnownFileType = folder.assetcatalog; path = Assets.xcassets; sourceTree = "<group>"; };
		9BBC582B20598B13008B81F7 /* Base */ = {isa = PBXFileReference; lastKnownFileType = file.storyboard; name = Base; path = Base.lproj/LaunchScreen.storyboard; sourceTree = "<group>"; };
		9BBC582D20598B13008B81F7 /* Info.plist */ = {isa = PBXFileReference; lastKnownFileType = text.plist.xml; path = Info.plist; sourceTree = "<group>"; };
/* End PBXFileReference section */

/* Begin PBXFrameworksBuildPhase section */
		9BBC581820598B13008B81F7 /* Frameworks */ = {
			isa = PBXFrameworksBuildPhase;
			buildActionMask = 2147483647;
			files = (
			);
			runOnlyForDeploymentPostprocessing = 0;
		};
/* End PBXFrameworksBuildPhase section */

/* Begin PBXGroup section */
		9B2E4C9320599D9A0091971C /* DataManager */ = {
			isa = PBXGroup;
			children = (
				9B2E4C9420599D9A0091971C /* DataManager.swift */,
			);
			name = DataManager;
			path = "../../../Documents/Apps/OTWL Tracker/OTWL Tracker/DataManager";
			sourceTree = "<group>";
		};
		9B2E4C9A2059A9220091971C /* Cell */ = {
			isa = PBXGroup;
			children = (
				9B2E4C9B2059A93C0091971C /* ProductCollectionCell.swift */,
			);
			path = Cell;
			sourceTree = "<group>";
		};
		9B40C1572059B159007D9A20 /* Helper */ = {
			isa = PBXGroup;
			children = (
				9B1B84B92059B2B1000281C5 /* RoundedView.swift */,
				9B1B84B72059B2AC000281C5 /* ImageLoader.swift */,
			);
			path = Helper;
			sourceTree = "<group>";
		};
		9B40C15D2059B1C1007D9A20 /* Controller */ = {
			isa = PBXGroup;
			children = (
				9BBC582020598B13008B81F7 /* ProductListViewController.swift */,
				9B1B84BB2059B880000281C5 /* ProductDetailViewController.swift */,
			);
			path = Controller;
			sourceTree = "<group>";
		};
		9B40C15E2059B1D5007D9A20 /* View */ = {
			isa = PBXGroup;
			children = (
				9BBC582220598B13008B81F7 /* Main.storyboard */,
				9BBC582A20598B13008B81F7 /* LaunchScreen.storyboard */,
			);
			path = View;
			sourceTree = "<group>";
		};
		9BBC581220598B13008B81F7 = {
			isa = PBXGroup;
			children = (
				9BBC581D20598B13008B81F7 /* lezasolutionsApp */,
				9BBC581C20598B13008B81F7 /* Products */,
			);
			sourceTree = "<group>";
		};
		9BBC581C20598B13008B81F7 /* Products */ = {
			isa = PBXGroup;
			children = (
				9BBC581B20598B13008B81F7 /* lezasolutionsApp.app */,
			);
			name = Products;
			sourceTree = "<group>";
		};
		9BBC581D20598B13008B81F7 /* lezasolutionsApp */ = {
			isa = PBXGroup;
			children = (
				9B463E85205FC6880032DBA8 /* ProductModel.swift */,
				9BBC581E20598B13008B81F7 /* AppDelegate.swift */,
				9B40C1572059B159007D9A20 /* Helper */,
				9B2E4C9A2059A9220091971C /* Cell */,
				9B2E4C9320599D9A0091971C /* DataManager */,
				9B40C15D2059B1C1007D9A20 /* Controller */,
				9B40C15E2059B1D5007D9A20 /* View */,
				9BBC582820598B13008B81F7 /* Assets.xcassets */,
				9BBC582D20598B13008B81F7 /* Info.plist */,
				9BBC582520598B13008B81F7 /* lezasolutionsApp.xcdatamodeld */,
			);
			path = lezasolutionsApp;
			sourceTree = "<group>";
		};
/* End PBXGroup section */

/* Begin PBXNativeTarget section */
		9BBC581A20598B13008B81F7 /* lezasolutionsApp */ = {
			isa = PBXNativeTarget;
			buildConfigurationList = 9BBC583020598B13008B81F7 /* Build configuration list for PBXNativeTarget "lezasolutionsApp" */;
			buildPhases = (
				9BBC581720598B13008B81F7 /* Sources */,
				9BBC581820598B13008B81F7 /* Frameworks */,
				9BBC581920598B13008B81F7 /* Resources */,
			);
			buildRules = (
			);
			dependencies = (
			);
			name = lezasolutionsApp;
			productName = lezasolutionsApp;
			productReference = 9BBC581B20598B13008B81F7 /* lezasolutionsApp.app */;
			productType = "com.apple.product-type.application";
		};
/* End PBXNativeTarget section */

/* Begin PBXProject section */
		9BBC581320598B13008B81F7 /* Project object */ = {
			isa = PBXProject;
			attributes = {
				LastSwiftUpdateCheck = 0920;
				LastUpgradeCheck = 0920;
				ORGANIZATIONNAME = "Sanjay Mali";
				TargetAttributes = {
					9BBC581A20598B13008B81F7 = {
						CreatedOnToolsVersion = 9.2;
						ProvisioningStyle = Automatic;
					};
				};
			};
			buildConfigurationList = 9BBC581620598B13008B81F7 /* Build configuration list for PBXProject "lezasolutionsApp" */;
			compatibilityVersion = "Xcode 8.0";
			developmentRegion = en;
			hasScannedForEncodings = 0;
			knownRegions = (
				en,
				Base,
			);
			mainGroup = 9BBC581220598B13008B81F7;
			productRefGroup = 9BBC581C20598B13008B81F7 /* Products */;
			projectDirPath = "";
			projectRoot = "";
			targets = (
				9BBC581A20598B13008B81F7 /* lezasolutionsApp */,
			);
		};
/* End PBXProject section */

/* Begin PBXResourcesBuildPhase section */
		9BBC581920598B13008B81F7 /* Resources */ = {
			isa = PBXResourcesBuildPhase;
			buildActionMask = 2147483647;
			files = (
				9BBC582C20598B13008B81F7 /* LaunchScreen.storyboard in Resources */,
				9BBC582920598B13008B81F7 /* Assets.xcassets in Resources */,
				9BBC582420598B13008B81F7 /* Main.storyboard in Resources */,
			);
			runOnlyForDeploymentPostprocessing = 0;
		};
/* End PBXResourcesBuildPhase section */

/* Begin PBXSourcesBuildPhase section */
		9BBC581720598B13008B81F7 /* Sources */ = {
			isa = PBXSourcesBuildPhase;
			buildActionMask = 2147483647;
			files = (
				9BBC582120598B13008B81F7 /* ProductListViewController.swift in Sources */,
				9B1B84BA2059B2B1000281C5 /* RoundedView.swift in Sources */,
				9B1B84BC2059B880000281C5 /* ProductDetailViewController.swift in Sources */,
				9B2E4C9C2059A93C0091971C /* ProductCollectionCell.swift in Sources */,
				9B2E4C9520599D9A0091971C /* DataManager.swift in Sources */,
				9BBC581F20598B13008B81F7 /* AppDelegate.swift in Sources */,
				9B1B84B82059B2AC000281C5 /* ImageLoader.swift in Sources */,
				9BBC582720598B13008B81F7 /* lezasolutionsApp.xcdatamodeld in Sources */,
				9B463E86205FC6880032DBA8 /* ProductModel.swift in Sources */,
			);
			runOnlyForDeploymentPostprocessing = 0;
		};
/* End PBXSourcesBuildPhase section */

/* Begin PBXVariantGroup section */
		9BBC582220598B13008B81F7 /* Main.storyboard */ = {
			isa = PBXVariantGroup;
			children = (
				9BBC582320598B13008B81F7 /* Base */,
			);
			name = Main.storyboard;
			sourceTree = "<group>";
		};
		9BBC582A20598B13008B81F7 /* LaunchScreen.storyboard */ = {
			isa = PBXVariantGroup;
			children = (
				9BBC582B20598B13008B81F7 /* Base */,
			);
			name = LaunchScreen.storyboard;
			sourceTree = "<group>";
		};
/* End PBXVariantGroup section */

/* Begin XCBuildConfiguration section */
		9BBC582E20598B13008B81F7 /* Debug */ = {
			isa = XCBuildConfiguration;
			buildSettings = {
				ALWAYS_SEARCH_USER_PATHS = NO;
				CLANG_ANALYZER_NONNULL = YES;
				CLANG_ANALYZER_NUMBER_OBJECT_CONVERSION = YES_AGGRESSIVE;
				CLANG_CXX_LANGUAGE_STANDARD = "gnu++14";
				CLANG_CXX_LIBRARY = "libc++";
				CLANG_ENABLE_MODULES = YES;
				CLANG_ENABLE_OBJC_ARC = YES;
				CLANG_WARN_BLOCK_CAPTURE_AUTORELEASING = YES;
				CLANG_WARN_BOOL_CONVERSION = YES;
				CLANG_WARN_COMMA = YES;
				CLANG_WARN_CONSTANT_CONVERSION = YES;
				CLANG_WARN_DIRECT_OBJC_ISA_USAGE = YES_ERROR;
				CLANG_WARN_DOCUMENTATION_COMMENTS = YES;
				CLANG_WARN_EMPTY_BODY = YES;
				CLANG_WARN_ENUM_CONVERSION = YES;
				CLANG_WARN_INFINITE_RECURSION = YES;
				CLANG_WARN_INT_CONVERSION = YES;
				CLANG_WARN_NON_LITERAL_NULL_CONVERSION = YES;
				CLANG_WARN_OBJC_LITERAL_CONVERSION = YES;
				CLANG_WARN_OBJC_ROOT_CLASS = YES_ERROR;
				CLANG_WARN_RANGE_LOOP_ANALYSIS = YES;
				CLANG_WARN_STRICT_PROTOTYPES = YES;
				CLANG_WARN_SUSPICIOUS_MOVE = YES;
				CLANG_WARN_UNGUARDED_AVAILABILITY = YES_AGGRESSIVE;
				CLANG_WARN_UNREACHABLE_CODE = YES;
				CLANG_WARN__DUPLICATE_METHOD_MATCH = YES;
				CODE_SIGN_IDENTITY = "iPhone Developer";
				COPY_PHASE_STRIP = NO;
				DEBUG_INFORMATION_FORMAT = dwarf;
				ENABLE_STRICT_OBJC_MSGSEND = YES;
				ENABLE_TESTABILITY = YES;
				GCC_C_LANGUAGE_STANDARD = gnu11;
				GCC_DYNAMIC_NO_PIC = NO;
				GCC_NO_COMMON_BLOCKS = YES;
				GCC_OPTIMIZATION_LEVEL = 0;
				GCC_PREPROCESSOR_DEFINITIONS = (
					"DEBUG=1",
					"$(inherited)",
				);
				GCC_WARN_64_TO_32_BIT_CONVERSION = YES;
				GCC_WARN_ABOUT_RETURN_TYPE = YES_ERROR;
				GCC_WARN_UNDECLARED_SELECTOR = YES;
				GCC_WARN_UNINITIALIZED_AUTOS = YES_AGGRESSIVE;
				GCC_WARN_UNUSED_FUNCTION = YES;
				GCC_WARN_UNUSED_VARIABLE = YES;
				IPHONEOS_DEPLOYMENT_TARGET = 11.2;
				MTL_ENABLE_DEBUG_INFO = YES;
				ONLY_ACTIVE_ARCH = YES;
				SDKROOT = iphoneos;
				SWIFT_ACTIVE_COMPILATION_CONDITIONS = DEBUG;
				SWIFT_OPTIMIZATION_LEVEL = "-Onone";
			};
			name = Debug;
		};
		9BBC582F20598B13008B81F7 /* Release */ = {
			isa = XCBuildConfiguration;
			buildSettings = {
				ALWAYS_SEARCH_USER_PATHS = NO;
				CLANG_ANALYZER_NONNULL = YES;
				CLANG_ANALYZER_NUMBER_OBJECT_CONVERSION = YES_AGGRESSIVE;
				CLANG_CXX_LANGUAGE_STANDARD = "gnu++14";
				CLANG_CXX_LIBRARY = "libc++";
				CLANG_ENABLE_MODULES = YES;
				CLANG_ENABLE_OBJC_ARC = YES;
				CLANG_WARN_BLOCK_CAPTURE_AUTORELEASING = YES;
				CLANG_WARN_BOOL_CONVERSION = YES;
				CLANG_WARN_COMMA = YES;
				CLANG_WARN_CONSTANT_CONVERSION = YES;
				CLANG_WARN_DIRECT_OBJC_ISA_USAGE = YES_ERROR;
				CLANG_WARN_DOCUMENTATION_COMMENTS = YES;
				CLANG_WARN_EMPTY_BODY = YES;
				CLANG_WARN_ENUM_CONVERSION = YES;
				CLANG_WARN_INFINITE_RECURSION = YES;
				CLANG_WARN_INT_CONVERSION = YES;
				CLANG_WARN_NON_LITERAL_NULL_CONVERSION = YES;
				CLANG_WARN_OBJC_LITERAL_CONVERSION = YES;
				CLANG_WARN_OBJC_ROOT_CLASS = YES_ERROR;
				CLANG_WARN_RANGE_LOOP_ANALYSIS = YES;
				CLANG_WARN_STRICT_PROTOTYPES = YES;
				CLANG_WARN_SUSPICIOUS_MOVE = YES;
				CLANG_WARN_UNGUARDED_AVAILABILITY = YES_AGGRESSIVE;
				CLANG_WARN_UNREACHABLE_CODE = YES;
				CLANG_WARN__DUPLICATE_METHOD_MATCH = YES;
				CODE_SIGN_IDENTITY = "iPhone Developer";
				COPY_PHASE_STRIP = NO;
				DEBUG_INFORMATION_FORMAT = "dwarf-with-dsym";
				ENABLE_NS_ASSERTIONS = NO;
				ENABLE_STRICT_OBJC_MSGSEND = YES;
				GCC_C_LANGUAGE_STANDARD = gnu11;
				GCC_NO_COMMON_BLOCKS = YES;
				GCC_WARN_64_TO_32_BIT_CONVERSION = YES;
				GCC_WARN_ABOUT_RETURN_TYPE = YES_ERROR;
				GCC_WARN_UNDECLARED_SELECTOR = YES;
				GCC_WARN_UNINITIALIZED_AUTOS = YES_AGGRESSIVE;
				GCC_WARN_UNUSED_FUNCTION = YES;
				GCC_WARN_UNUSED_VARIABLE = YES;
				IPHONEOS_DEPLOYMENT_TARGET = 11.2;
				MTL_ENABLE_DEBUG_INFO = NO;
				SDKROOT = iphoneos;
				SWIFT_OPTIMIZATION_LEVEL = "-Owholemodule";
				VALIDATE_PRODUCT = YES;
			};
			name = Release;
		};
		9BBC583120598B13008B81F7 /* Debug */ = {
			isa = XCBuildConfiguration;
			buildSettings = {
				ASSETCATALOG_COMPILER_APPICON_NAME = AppIcon;
				CODE_SIGN_STYLE = Automatic;
				DEVELOPMENT_TEAM = V9ECRET98Q;
				INFOPLIST_FILE = lezasolutionsApp/Info.plist;
				LD_RUNPATH_SEARCH_PATHS = "$(inherited) @executable_path/Frameworks";
				PRODUCT_BUNDLE_IDENTIFIER = com.OceanTrasnworld.lezasolutionsApp;
				PRODUCT_NAME = "$(TARGET_NAME)";
				SWIFT_VERSION = 4.0;
				TARGETED_DEVICE_FAMILY = "1,2";
			};
			name = Debug;
		};
		9BBC583220598B13008B81F7 /* Release */ = {
			isa = XCBuildConfiguration;
			buildSettings = {
				ASSETCATALOG_COMPILER_APPICON_NAME = AppIcon;
				CODE_SIGN_STYLE = Automatic;
				DEVELOPMENT_TEAM = V9ECRET98Q;
				INFOPLIST_FILE = lezasolutionsApp/Info.plist;
				LD_RUNPATH_SEARCH_PATHS = "$(inherited) @executable_path/Frameworks";
				PRODUCT_BUNDLE_IDENTIFIER = com.OceanTrasnworld.lezasolutionsApp;
				PRODUCT_NAME = "$(TARGET_NAME)";
				SWIFT_VERSION = 4.0;
				TARGETED_DEVICE_FAMILY = "1,2";
			};
			name = Release;
		};
/* End XCBuildConfiguration section */

/* Begin XCConfigurationList section */
		9BBC581620598B13008B81F7 /* Build configuration list for PBXProject "lezasolutionsApp" */ = {
			isa = XCConfigurationList;
			buildConfigurations = (
				9BBC582E20598B13008B81F7 /* Debug */,
				9BBC582F20598B13008B81F7 /* Release */,
			);
			defaultConfigurationIsVisible = 0;
			defaultConfigurationName = Release;
		};
		9BBC583020598B13008B81F7 /* Build configuration list for PBXNativeTarget "lezasolutionsApp" */ = {
			isa = XCConfigurationList;
			buildConfigurations = (
				9BBC583120598B13008B81F7 /* Debug */,
				9BBC583220598B13008B81F7 /* Release */,
			);
			defaultConfigurationIsVisible = 0;
			defaultConfigurationName = Release;
		};
/* End XCConfigurationList section */

/* Begin XCVersionGroup section */
		9BBC582520598B13008B81F7 /* lezasolutionsApp.xcdatamodeld */ = {
			isa = XCVersionGroup;
			children = (
				9BBC582620598B13008B81F7 /* lezasolutionsApp.xcdatamodel */,
			);
			currentVersion = 9BBC582620598B13008B81F7 /* lezasolutionsApp.xcdatamodel */;
			path = lezasolutionsApp.xcdatamodeld;
			sourceTree = "<group>";
			versionGroupType = wrapper.xcdatamodel;
		};
/* End XCVersionGroup section */
	};
	rootObject = 9BBC581320598B13008B81F7 /* Project object */;
}
